
Microsoft Visual Studio Solution File, Format Version 12.00
# Visual Studio Version 17
VisualStudioVersion = 17.13.36105.23 d17.13
MinimumVisualStudioVersion = 10.0.40219.1
Project("{FAE04EC0-301F-11D3-BF4B-00C04F79EFBC}") = "Ejercicio3", "Ejercicio3.csproj", "{D84520F7-162D-434D-A64D-6C1D0F495B7A}"
EndProject
Global
	GlobalSection(SolutionConfigurationPlatforms) = preSolution
		Debug|Any CPU = Debug|Any CPU
		Release|Any CPU = Release|Any CPU
	EndGlobalSection
	GlobalSection(ProjectConfigurationPlatforms) = postSolution
		{D84520F7-162D-434D-A64D-6C1D0F495B7A}.Debug|Any CPU.ActiveCfg = Debug|Any CPU
		{D84520F7-162D-434D-A64D-6C1D0F495B7A}.Debug|Any CPU.Build.0 = Debug|Any CPU
		{D84520F7-162D-434D-A64D-6C1D0F495B7A}.Release|Any CPU.ActiveCfg = Release|Any CPU
		{D84520F7-162D-434D-A64D-6C1D0F495B7A}.Release|Any CPU.Build.0 = Release|Any CPU
	EndGlobalSection
	GlobalSection(SolutionProperties) = preSolution
		HideSolutionNode = FALSE
	EndGlobalSection
	GlobalSection(ExtensibilityGlobals) = postSolution
		SolutionGuid = {1993063A-E821-4A86-A239-E109014DB7E9}
	EndGlobalSection
EndGlobal
